// !$*UTF8*$!
{
	archiveVersion = 1;
	classes = {
	};
	objectVersion = 50;
	objects = {

/* Begin PBXBuildFile section */
		136D7DF420ACF87600B6A3E6 /* AppDelegate.swift in Sources */ = {isa = PBXBuildFile; fileRef = 136D7DF320ACF87600B6A3E6 /* AppDelegate.swift */; };
		136D7DF620ACF87600B6A3E6 /* ViewController.swift in Sources */ = {isa = PBXBuildFile; fileRef = 136D7DF520ACF87600B6A3E6 /* ViewController.swift */; };
		136D7DF920ACF87600B6A3E6 /* Main.storyboard in Resources */ = {isa = PBXBuildFile; fileRef = 136D7DF720ACF87600B6A3E6 /* Main.storyboard */; };
		136D7DFB20ACF87700B6A3E6 /* Assets.xcassets in Resources */ = {isa = PBXBuildFile; fileRef = 136D7DFA20ACF87700B6A3E6 /* Assets.xcassets */; };
		136D7DFE20ACF87700B6A3E6 /* LaunchScreen.storyboard in Resources */ = {isa = PBXBuildFile; fileRef = 136D7DFC20ACF87700B6A3E6 /* LaunchScreen.storyboard */; };
		136D7E0920ACF87700B6A3E6 /* TeaClockTests.swift in Sources */ = {isa = PBXBuildFile; fileRef = 136D7E0820ACF87700B6A3E6 /* TeaClockTests.swift */; };
/* End PBXBuildFile section */

/* Begin PBXContainerItemProxy section */
		136D7E0520ACF87700B6A3E6 /* PBXContainerItemProxy */ = {
			isa = PBXContainerItemProxy;
			containerPortal = 136D7DE820ACF87600B6A3E6 /* Project object */;
			proxyType = 1;
			remoteGlobalIDString = 136D7DEF20ACF87600B6A3E6;
			remoteInfo = TeaClock;
		};
/* End PBXContainerItemProxy section */

/* Begin PBXFileReference section */
		136D7DF020ACF87600B6A3E6 /* TeaClock.app */ = {isa = PBXFileReference; explicitFileType = wrapper.application; includeInIndex = 0; path = TeaClock.app; sourceTree = BUILT_PRODUCTS_DIR; };
		136D7DF320ACF87600B6A3E6 /* AppDelegate.swift */ = {isa = PBXFileReference; lastKnownFileType = sourcecode.swift; path = AppDelegate.swift; sourceTree = "<group>"; };
		136D7DF520ACF87600B6A3E6 /* ViewController.swift */ = {isa = PBXFileReference; lastKnownFileType = sourcecode.swift; path = ViewController.swift; sourceTree = "<group>"; };
		136D7DF820ACF87600B6A3E6 /* Base */ = {isa = PBXFileReference; lastKnownFileType = file.storyboard; name = Base; path = Base.lproj/Main.storyboard; sourceTree = "<group>"; };
		136D7DFA20ACF87700B6A3E6 /* Assets.xcassets */ = {isa = PBXFileReference; lastKnownFileType = folder.assetcatalog; path = Assets.xcassets; sourceTree = "<group>"; };
		136D7DFD20ACF87700B6A3E6 /* Base */ = {isa = PBXFileReference; lastKnownFileType = file.storyboard; name = Base; path = Base.lproj/LaunchScreen.storyboard; sourceTree = "<group>"; };
		136D7DFF20ACF87700B6A3E6 /* Info.plist */ = {isa = PBXFileReference; lastKnownFileType = text.plist.xml; path = Info.plist; sourceTree = "<group>"; };
		136D7E0420ACF87700B6A3E6 /* TeaClockTests.xctest */ = {isa = PBXFileReference; explicitFileType = wrapper.cfbundle; includeInIndex = 0; path = TeaClockTests.xctest; sourceTree = BUILT_PRODUCTS_DIR; };
		136D7E0820ACF87700B6A3E6 /* TeaClockTests.swift */ = {isa = PBXFileReference; lastKnownFileType = sourcecode.swift; path = TeaClockTests.swift; sourceTree = "<group>"; };
		136D7E0A20ACF87700B6A3E6 /* Info.plist */ = {isa = PBXFileReference; lastKnownFileType = text.plist.xml; path = Info.plist; sourceTree = "<group>"; };
/* End PBXFileReference section */

/* Begin PBXFrameworksBuildPhase section */
		136D7DED20ACF87600B6A3E6 /* Frameworks */ = {
			isa = PBXFrameworksBuildPhase;
			buildActionMask = 2147483647;
			files = (
			);
			runOnlyForDeploymentPostprocessing = 0;
		};
		136D7E0120ACF87700B6A3E6 /* Frameworks */ = {
			isa = PBXFrameworksBuildPhase;
			buildActionMask = 2147483647;
			files = (
			);
			runOnlyForDeploymentPostprocessing = 0;
		};
/* End PBXFrameworksBuildPhase section */

/* Begin PBXGroup section */
		136D7DE720ACF87600B6A3E6 = {
			isa = PBXGroup;
			children = (
				136D7DF220ACF87600B6A3E6 /* TeaClock */,
				136D7E0720ACF87700B6A3E6 /* TeaClockTests */,
				136D7DF120ACF87600B6A3E6 /* Products */,
			);
			sourceTree = "<group>";
		};
		136D7DF120ACF87600B6A3E6 /* Products */ = {
			isa = PBXGroup;
			children = (
				136D7DF020ACF87600B6A3E6 /* TeaClock.app */,
				136D7E0420ACF87700B6A3E6 /* TeaClockTests.xctest */,
			);
			name = Products;
			sourceTree = "<group>";
		};
		136D7DF220ACF87600B6A3E6 /* TeaClock */ = {
			isa = PBXGroup;
			children = (
				136D7DF320ACF87600B6A3E6 /* AppDelegate.swift */,
				136D7DF520ACF87600B6A3E6 /* ViewController.swift */,
				136D7DF720ACF87600B6A3E6 /* Main.storyboard */,
				136D7DFA20ACF87700B6A3E6 /* Assets.xcassets */,
				136D7DFC20ACF87700B6A3E6 /* LaunchScreen.storyboard */,
				136D7DFF20ACF87700B6A3E6 /* Info.plist */,
			);
			path = TeaClock;
			sourceTree = "<group>";
		};
		136D7E0720ACF87700B6A3E6 /* TeaClockTests */ = {
			isa = PBXGroup;
			children = (
				136D7E0820ACF87700B6A3E6 /* TeaClockTests.swift */,
				136D7E0A20ACF87700B6A3E6 /* Info.plist */,
			);
			path = TeaClockTests;
			sourceTree = "<group>";
		};
/* End PBXGroup section */

/* Begin PBXNativeTarget section */
		136D7DEF20ACF87600B6A3E6 /* TeaClock */ = {
			isa = PBXNativeTarget;
			buildConfigurationList = 136D7E0D20ACF87700B6A3E6 /* Build configuration list for PBXNativeTarget "TeaClock" */;
			buildPhases = (
				136D7DEC20ACF87600B6A3E6 /* Sources */,
				136D7DED20ACF87600B6A3E6 /* Frameworks */,
				136D7DEE20ACF87600B6A3E6 /* Resources */,
			);
			buildRules = (
			);
			dependencies = (
			);
			name = TeaClock;
			productName = TeaClock;
			productReference = 136D7DF020ACF87600B6A3E6 /* TeaClock.app */;
			productType = "com.apple.product-type.application";
		};
		136D7E0320ACF87700B6A3E6 /* TeaClockTests */ = {
			isa = PBXNativeTarget;
			buildConfigurationList = 136D7E1020ACF87700B6A3E6 /* Build configuration list for PBXNativeTarget "TeaClockTests" */;
			buildPhases = (
				136D7E0020ACF87700B6A3E6 /* Sources */,
				136D7E0120ACF87700B6A3E6 /* Frameworks */,
				136D7E0220ACF87700B6A3E6 /* Resources */,
			);
			buildRules = (
			);
			dependencies = (
				136D7E0620ACF87700B6A3E6 /* PBXTargetDependency */,
			);
			name = TeaClockTests;
			productName = TeaClockTests;
			productReference = 136D7E0420ACF87700B6A3E6 /* TeaClockTests.xctest */;
			productType = "com.apple.product-type.bundle.unit-test";
		};
/* End PBXNativeTarget section */

/* Begin PBXProject section */
		136D7DE820ACF87600B6A3E6 /* Project object */ = {
			isa = PBXProject;
			attributes = {
				LastSwiftUpdateCheck = 0930;
				LastUpgradeCheck = 0930;
				ORGANIZATIONNAME = "Florian Knaus";
				TargetAttributes = {
					136D7DEF20ACF87600B6A3E6 = {
						CreatedOnToolsVersion = 9.3.1;
					};
					136D7E0320ACF87700B6A3E6 = {
						CreatedOnToolsVersion = 9.3.1;
						TestTargetID = 136D7DEF20ACF87600B6A3E6;
					};
				};
			};
			buildConfigurationList = 136D7DEB20ACF87600B6A3E6 /* Build configuration list for PBXProject "TeaClock" */;
			compatibilityVersion = "Xcode 9.3";
			developmentRegion = en;
			hasScannedForEncodings = 0;
			knownRegions = (
				en,
				Base,
			);
			mainGroup = 136D7DE720ACF87600B6A3E6;
			productRefGroup = 136D7DF120ACF87600B6A3E6 /* Products */;
			projectDirPath = "";
			projectRoot = "";
			targets = (
				136D7DEF20ACF87600B6A3E6 /* TeaClock */,
				136D7E0320ACF87700B6A3E6 /* TeaClockTests */,
			);
		};
/* End PBXProject section */

/* Begin PBXResourcesBuildPhase section */
		136D7DEE20ACF87600B6A3E6 /* Resources */ = {
			isa = PBXResourcesBuildPhase;
			buildActionMask = 2147483647;
			files = (
				136D7DFE20ACF87700B6A3E6 /* LaunchScreen.storyboard in Resources */,
				136D7DFB20ACF87700B6A3E6 /* Assets.xcassets in Resources */,
				136D7DF920ACF87600B6A3E6 /* Main.storyboard in Resources */,
			);
			runOnlyForDeploymentPostprocessing = 0;
		};
		136D7E0220ACF87700B6A3E6 /* Resources */ = {
			isa = PBXResourcesBuildPhase;
			buildActionMask = 2147483647;
			files = (
			);
			runOnlyForDeploymentPostprocessing = 0;
		};
/* End PBXResourcesBuildPhase section */

/* Begin PBXSourcesBuildPhase section */
		136D7DEC20ACF87600B6A3E6 /* Sources */ = {
			isa = PBXSourcesBuildPhase;
			buildActionMask = 2147483647;
			files = (
				136D7DF620ACF87600B6A3E6 /* ViewController.swift in Sources */,
				136D7DF420ACF87600B6A3E6 /* AppDelegate.swift in Sources */,
			);
			runOnlyForDeploymentPostprocessing = 0;
		};
		136D7E0020ACF87700B6A3E6 /* Sources */ = {
			isa = PBXSourcesBuildPhase;
			buildActionMask = 2147483647;
			files = (
				136D7E0920ACF87700B6A3E6 /* TeaClockTests.swift in Sources */,
			);
			runOnlyForDeploymentPostprocessing = 0;
		};
/* End PBXSourcesBuildPhase section */

/* Begin PBXTargetDependency section */
		136D7E0620ACF87700B6A3E6 /* PBXTargetDependency */ = {
			isa = PBXTargetDependency;
			target = 136D7DEF20ACF87600B6A3E6 /* TeaClock */;
			targetProxy = 136D7E0520ACF87700B6A3E6 /* PBXContainerItemProxy */;
		};
/* End PBXTargetDependency section */

/* Begin PBXVariantGroup section */
		136D7DF720ACF87600B6A3E6 /* Main.storyboard */ = {
			isa = PBXVariantGroup;
			children = (
				136D7DF820ACF87600B6A3E6 /* Base */,
			);
			name = Main.storyboard;
			sourceTree = "<group>";
		};
		136D7DFC20ACF87700B6A3E6 /* LaunchScreen.storyboard */ = {
			isa = PBXVariantGroup;
			children = (
				136D7DFD20ACF87700B6A3E6 /* Base */,
			);
			name = LaunchScreen.storyboard;
			sourceTree = "<group>";
		};
/* End PBXVariantGroup section */

/* Begin XCBuildConfiguration section */
		136D7E0B20ACF87700B6A3E6 /* Debug */ = {
			isa = XCBuildConfiguration;
			buildSettings = {
				ALWAYS_SEARCH_USER_PATHS = NO;
				CLANG_ANALYZER_NONNULL = YES;
				CLANG_ANALYZER_NUMBER_OBJECT_CONVERSION = YES_AGGRESSIVE;
				CLANG_CXX_LANGUAGE_STANDARD = "gnu++14";
				CLANG_CXX_LIBRARY = "libc++";
				CLANG_ENABLE_MODULES = YES;
				CLANG_ENABLE_OBJC_ARC = YES;
				CLANG_ENABLE_OBJC_WEAK = YES;
				CLANG_WARN_BLOCK_CAPTURE_AUTORELEASING = YES;
				CLANG_WARN_BOOL_CONVERSION = YES;
				CLANG_WARN_COMMA = YES;
				CLANG_WARN_CONSTANT_CONVERSION = YES;
				CLANG_WARN_DEPRECATED_OBJC_IMPLEMENTATIONS = YES;
				CLANG_WARN_DIRECT_OBJC_ISA_USAGE = YES_ERROR;
				CLANG_WARN_DOCUMENTATION_COMMENTS = YES;
				CLANG_WARN_EMPTY_BODY = YES;
				CLANG_WARN_ENUM_CONVERSION = YES;
				CLANG_WARN_INFINITE_RECURSION = YES;
				CLANG_WARN_INT_CONVERSION = YES;
				CLANG_WARN_NON_LITERAL_NULL_CONVERSION = YES;
				CLANG_WARN_OBJC_IMPLICIT_RETAIN_SELF = YES;
				CLANG_WARN_OBJC_LITERAL_CONVERSION = YES;
				CLANG_WARN_OBJC_ROOT_CLASS = YES_ERROR;
				CLANG_WARN_RANGE_LOOP_ANALYSIS = YES;
				CLANG_WARN_STRICT_PROTOTYPES = YES;
				CLANG_WARN_SUSPICIOUS_MOVE = YES;
				CLANG_WARN_UNGUARDED_AVAILABILITY = YES_AGGRESSIVE;
				CLANG_WARN_UNREACHABLE_CODE = YES;
				CLANG_WARN__DUPLICATE_METHOD_MATCH = YES;
				CODE_SIGN_IDENTITY = "iPhone Developer";
				COPY_PHASE_STRIP = NO;
				DEBUG_INFORMATION_FORMAT = dwarf;
				ENABLE_STRICT_OBJC_MSGSEND = YES;
				ENABLE_TESTABILITY = YES;
				GCC_C_LANGUAGE_STANDARD = gnu11;
				GCC_DYNAMIC_NO_PIC = NO;
				GCC_NO_COMMON_BLOCKS = YES;
				GCC_OPTIMIZATION_LEVEL = 0;
				GCC_PREPROCESSOR_DEFINITIONS = (
					"DEBUG=1",
					"$(inherited)",
				);
				GCC_WARN_64_TO_32_BIT_CONVERSION = YES;
				GCC_WARN_ABOUT_RETURN_TYPE = YES_ERROR;
				GCC_WARN_UNDECLARED_SELECTOR = YES;
				GCC_WARN_UNINITIALIZED_AUTOS = YES_AGGRESSIVE;
				GCC_WARN_UNUSED_FUNCTION = YES;
				GCC_WARN_UNUSED_VARIABLE = YES;
				IPHONEOS_DEPLOYMENT_TARGET = 11.3;
				MTL_ENABLE_DEBUG_INFO = YES;
				ONLY_ACTIVE_ARCH = YES;
				SDKROOT = iphoneos;
				SWIFT_ACTIVE_COMPILATION_CONDITIONS = DEBUG;
				SWIFT_OPTIMIZATION_LEVEL = "-Onone";
			};
			name = Debug;
		};
		136D7E0C20ACF87700B6A3E6 /* Release */ = {
			isa = XCBuildConfiguration;
			buildSettings = {
				ALWAYS_SEARCH_USER_PATHS = NO;
				CLANG_ANALYZER_NONNULL = YES;
				CLANG_ANALYZER_NUMBER_OBJECT_CONVERSION = YES_AGGRESSIVE;
				CLANG_CXX_LANGUAGE_STANDARD = "gnu++14";
				CLANG_CXX_LIBRARY = "libc++";
				CLANG_ENABLE_MODULES = YES;
				CLANG_ENABLE_OBJC_ARC = YES;
				CLANG_ENABLE_OBJC_WEAK = YES;
				CLANG_WARN_BLOCK_CAPTURE_AUTORELEASING = YES;
				CLANG_WARN_BOOL_CONVERSION = YES;
				CLANG_WARN_COMMA = YES;
				CLANG_WARN_CONSTANT_CONVERSION = YES;
				CLANG_WARN_DEPRECATED_OBJC_IMPLEMENTATIONS = YES;
				CLANG_WARN_DIRECT_OBJC_ISA_USAGE = YES_ERROR;
				CLANG_WARN_DOCUMENTATION_COMMENTS = YES;
				CLANG_WARN_EMPTY_BODY = YES;
				CLANG_WARN_ENUM_CONVERSION = YES;
				CLANG_WARN_INFINITE_RECURSION = YES;
				CLANG_WARN_INT_CONVERSION = YES;
				CLANG_WARN_NON_LITERAL_NULL_CONVERSION = YES;
				CLANG_WARN_OBJC_IMPLICIT_RETAIN_SELF = YES;
				CLANG_WARN_OBJC_LITERAL_CONVERSION = YES;
				CLANG_WARN_OBJC_ROOT_CLASS = YES_ERROR;
				CLANG_WARN_RANGE_LOOP_ANALYSIS = YES;
				CLANG_WARN_STRICT_PROTOTYPES = YES;
				CLANG_WARN_SUSPICIOUS_MOVE = YES;
				CLANG_WARN_UNGUARDED_AVAILABILITY = YES_AGGRESSIVE;
				CLANG_WARN_UNREACHABLE_CODE = YES;
				CLANG_WARN__DUPLICATE_METHOD_MATCH = YES;
				CODE_SIGN_IDENTITY = "iPhone Developer";
				COPY_PHASE_STRIP = NO;
				DEBUG_INFORMATION_FORMAT = "dwarf-with-dsym";
				ENABLE_NS_ASSERTIONS = NO;
				ENABLE_STRICT_OBJC_MSGSEND = YES;
				GCC_C_LANGUAGE_STANDARD = gnu11;
				GCC_NO_COMMON_BLOCKS = YES;
				GCC_WARN_64_TO_32_BIT_CONVERSION = YES;
				GCC_WARN_ABOUT_RETURN_TYPE = YES_ERROR;
				GCC_WARN_UNDECLARED_SELECTOR = YES;
				GCC_WARN_UNINITIALIZED_AUTOS = YES_AGGRESSIVE;
				GCC_WARN_UNUSED_FUNCTION = YES;
				GCC_WARN_UNUSED_VARIABLE = YES;
				IPHONEOS_DEPLOYMENT_TARGET = 11.3;
				MTL_ENABLE_DEBUG_INFO = NO;
				SDKROOT = iphoneos;
				SWIFT_COMPILATION_MODE = wholemodule;
				SWIFT_OPTIMIZATION_LEVEL = "-O";
				VALIDATE_PRODUCT = YES;
			};
			name = Release;
		};
		136D7E0E20ACF87700B6A3E6 /* Debug */ = {
			isa = XCBuildConfiguration;
			buildSettings = {
				ASSETCATALOG_COMPILER_APPICON_NAME = AppIcon;
				CODE_SIGN_STYLE = Automatic;
				DEVELOPMENT_TEAM = V7Z7432GA5;
				INFOPLIST_FILE = TeaClock/Info.plist;
				LD_RUNPATH_SEARCH_PATHS = (
					"$(inherited)",
					"@executable_path/Frameworks",
				);
				PRODUCT_BUNDLE_IDENTIFIER = com.fknaus.TeaClock;
				PRODUCT_NAME = "$(TARGET_NAME)";
				SWIFT_VERSION = 4.0;
				TARGETED_DEVICE_FAMILY = "1,2";
			};
			name = Debug;
		};
		136D7E0F20ACF87700B6A3E6 /* Release */ = {
			isa = XCBuildConfiguration;
			buildSettings = {
				ASSETCATALOG_COMPILER_APPICON_NAME = AppIcon;
				CODE_SIGN_STYLE = Automatic;
				DEVELOPMENT_TEAM = V7Z7432GA5;
				INFOPLIST_FILE = TeaClock/Info.plist;
				LD_RUNPATH_SEARCH_PATHS = (
					"$(inherited)",
					"@executable_path/Frameworks",
				);
				PRODUCT_BUNDLE_IDENTIFIER = com.fknaus.TeaClock;
				PRODUCT_NAME = "$(TARGET_NAME)";
				SWIFT_VERSION = 4.0;
				TARGETED_DEVICE_FAMILY = "1,2";
			};
			name = Release;
		};
		136D7E1120ACF87700B6A3E6 /* Debug */ = {
			isa = XCBuildConfiguration;
			buildSettings = {
				ALWAYS_EMBED_SWIFT_STANDARD_LIBRARIES = YES;
				BUNDLE_LOADER = "$(TEST_HOST)";
				CODE_SIGN_STYLE = Automatic;
				DEVELOPMENT_TEAM = V7Z7432GA5;
				INFOPLIST_FILE = TeaClockTests/Info.plist;
				LD_RUNPATH_SEARCH_PATHS = (
					"$(inherited)",
					"@executable_path/Frameworks",
					"@loader_path/Frameworks",
				);
				PRODUCT_BUNDLE_IDENTIFIER = com.fknaus.TeaClockTests;
				PRODUCT_NAME = "$(TARGET_NAME)";
				SWIFT_VERSION = 4.0;
				TARGETED_DEVICE_FAMILY = "1,2";
				TEST_HOST = "$(BUILT_PRODUCTS_DIR)/TeaClock.app/TeaClock";
			};
			name = Debug;
		};
		136D7E1220ACF87700B6A3E6 /* Release */ = {
			isa = XCBuildConfiguration;
			buildSettings = {
				ALWAYS_EMBED_SWIFT_STANDARD_LIBRARIES = YES;
				BUNDLE_LOADER = "$(TEST_HOST)";
				CODE_SIGN_STYLE = Automatic;
				DEVELOPMENT_TEAM = V7Z7432GA5;
				INFOPLIST_FILE = TeaClockTests/Info.plist;
				LD_RUNPATH_SEARCH_PATHS = (
					"$(inherited)",
					"@executable_path/Frameworks",
					"@loader_path/Frameworks",
				);
				PRODUCT_BUNDLE_IDENTIFIER = com.fknaus.TeaClockTests;
				PRODUCT_NAME = "$(TARGET_NAME)";
				SWIFT_VERSION = 4.0;
				TARGETED_DEVICE_FAMILY = "1,2";
				TEST_HOST = "$(BUILT_PRODUCTS_DIR)/TeaClock.app/TeaClock";
			};
			name = Release;
		};
/* End XCBuildConfiguration section */

/* Begin XCConfigurationList section */
		136D7DEB20ACF87600B6A3E6 /* Build configuration list for PBXProject "TeaClock" */ = {
			isa = XCConfigurationList;
			buildConfigurations = (
				136D7E0B20ACF87700B6A3E6 /* Debug */,
				136D7E0C20ACF87700B6A3E6 /* Release */,
			);
			defaultConfigurationIsVisible = 0;
			defaultConfigurationName = Release;
		};
		136D7E0D20ACF87700B6A3E6 /* Build configuration list for PBXNativeTarget "TeaClock" */ = {
			isa = XCConfigurationList;
			buildConfigurations = (
				136D7E0E20ACF87700B6A3E6 /* Debug */,
				136D7E0F20ACF87700B6A3E6 /* Release */,
			);
			defaultConfigurationIsVisible = 0;
			defaultConfigurationName = Release;
		};
		136D7E1020ACF87700B6A3E6 /* Build configuration list for PBXNativeTarget "TeaClockTests" */ = {
			isa = XCConfigurationList;
			buildConfigurations = (
				136D7E1120ACF87700B6A3E6 /* Debug */,
				136D7E1220ACF87700B6A3E6 /* Release */,
			);
			defaultConfigurationIsVisible = 0;
			defaultConfigurationName = Release;
		};
/* End XCConfigurationList section */
	};
	rootObject = 136D7DE820ACF87600B6A3E6 /* Project object */;
}
